
Microsoft Visual Studio Solution File, Format Version 11.00
# Visual Studio 2010
Project("{FAE04EC0-301F-11D3-BF4B-00C04F79EFBC}") = "HelloWorld_iPhone", "HelloWorld_iPhone\HelloWorld_iPhone.csproj", "{9124734F-197D-408D-9D8D-BCE341D1B747}"
EndProject
Global
	GlobalSection(SolutionConfigurationPlatforms) = preSolution
		Debug|iPhoneSimulator = Debug|iPhoneSimulator
		Release|iPhoneSimulator = Release|iPhoneSimulator
		Debug|iPhone = Debug|iPhone
		Release|iPhone = Release|iPhone
		Ad-Hoc|iPhone = Ad-Hoc|iPhone
		AppStore|iPhone = AppStore|iPhone
	EndGlobalSection
	GlobalSection(ProjectConfigurationPlatforms) = postSolution
		{9124734F-197D-408D-9D8D-BCE341D1B747}.Ad-Hoc|iPhone.ActiveCfg = Ad-Hoc|iPhone
		{9124734F-197D-408D-9D8D-BCE341D1B747}.Ad-Hoc|iPhone.Build.0 = Ad-Hoc|iPhone
		{9124734F-197D-408D-9D8D-BCE341D1B747}.AppStore|iPhone.ActiveCfg = AppStore|iPhone
		{9124734F-197D-408D-9D8D-BCE341D1B747}.AppStore|iPhone.Build.0 = AppStore|iPhone
		{9124734F-197D-408D-9D8D-BCE341D1B747}.Debug|iPhone.ActiveCfg = Debug|iPhone
		{9124734F-197D-408D-9D8D-BCE341D1B747}.Debug|iPhone.Build.0 = Debug|iPhone
		{9124734F-197D-408D-9D8D-BCE341D1B747}.Debug|iPhoneSimulator.ActiveCfg = Debug|iPhoneSimulator
		{9124734F-197D-408D-9D8D-BCE341D1B747}.Debug|iPhoneSimulator.Build.0 = Debug|iPhoneSimulator
		{9124734F-197D-408D-9D8D-BCE341D1B747}.Release|iPhone.ActiveCfg = Release|iPhone
		{9124734F-197D-408D-9D8D-BCE341D1B747}.Release|iPhone.Build.0 = Release|iPhone
		{9124734F-197D-408D-9D8D-BCE341D1B747}.Release|iPhoneSimulator.ActiveCfg = Release|iPhoneSimulator
		{9124734F-197D-408D-9D8D-BCE341D1B747}.Release|iPhoneSimulator.Build.0 = Release|iPhoneSimulator
	EndGlobalSection
	GlobalSection(MonoDevelopProperties) = preSolution
		StartupItem = HelloWorld_iPhone\HelloWorld_iPhone.csproj
	EndGlobalSection
EndGlobal
